
Microsoft Visual Studio Solution File, Format Version 12.00
# Visual Studio Version 17
VisualStudioVersion = 17.9.34723.18
MinimumVisualStudioVersion = 10.0.40219.1
Project("{9A19103F-16F7-4668-BE54-9A1E7A4F7556}") = "JiumiTool3", "JiumiTool3\JiumiTool3.csproj", "{903CE43C-A036-4D0D-A76B-9D4184956807}"
EndProject
Project("{9A19103F-16F7-4668-BE54-9A1E7A4F7556}") = "JiumiTool3.Desktop", "JiumiTool3.Desktop\JiumiTool3.Desktop.csproj", "{23D0E71B-3687-4565-BBCB-65B9C0E43C21}"
EndProject
Global
	GlobalSection(SolutionConfigurationPlatforms) = preSolution
		Debug|Any CPU = Debug|Any CPU
		Release|Any CPU = Release|Any CPU
	EndGlobalSection
	GlobalSection(ProjectConfigurationPlatforms) = postSolution
		{903CE43C-A036-4D0D-A76B-9D4184956807}.Debug|Any CPU.ActiveCfg = Debug|Any CPU
		{903CE43C-A036-4D0D-A76B-9D4184956807}.Debug|Any CPU.Build.0 = Debug|Any CPU
		{903CE43C-A036-4D0D-A76B-9D4184956807}.Release|Any CPU.ActiveCfg = Release|Any CPU
		{903CE43C-A036-4D0D-A76B-9D4184956807}.Release|Any CPU.Build.0 = Release|Any CPU
		{23D0E71B-3687-4565-BBCB-65B9C0E43C21}.Debug|Any CPU.ActiveCfg = Debug|Any CPU
		{23D0E71B-3687-4565-BBCB-65B9C0E43C21}.Debug|Any CPU.Build.0 = Debug|Any CPU
		{23D0E71B-3687-4565-BBCB-65B9C0E43C21}.Release|Any CPU.ActiveCfg = Release|Any CPU
		{23D0E71B-3687-4565-BBCB-65B9C0E43C21}.Release|Any CPU.Build.0 = Release|Any CPU
	EndGlobalSection
	GlobalSection(SolutionProperties) = preSolution
		HideSolutionNode = FALSE
	EndGlobalSection
	GlobalSection(ExtensibilityGlobals) = postSolution
		SolutionGuid = {8A1A2F2F-723B-4FAE-94BF-4AF532EB7203}
	EndGlobalSection
EndGlobal
